
Microsoft Visual Studio Solution File, Format Version 12.00
# Visual Studio Version 17
VisualStudioVersion = 17.4.33122.133
MinimumVisualStudioVersion = 10.0.40219.1
Project("{FAE04EC0-301F-11D3-BF4B-00C04F79EFBC}") = "Todo", "Todo\Todo.csproj", "{B807E2D0-C4C3-4410-8470-670A9ADD3A54}"
	ProjectSection(ProjectDependencies) = postProject
		{6813D00B-4C69-4676-B73D-B185940024C1} = {6813D00B-4C69-4676-B73D-B185940024C1}
	EndProjectSection
EndProject
Project("{FAE04EC0-301F-11D3-BF4B-00C04F79EFBC}") = "APIServices", "APIServices\APIServices.csproj", "{6813D00B-4C69-4676-B73D-B185940024C1}"
EndProject
Global
	GlobalSection(SolutionConfigurationPlatforms) = preSolution
		Debug|Any CPU = Debug|Any CPU
		Release|Any CPU = Release|Any CPU
	EndGlobalSection
	GlobalSection(ProjectConfigurationPlatforms) = postSolution
		{B807E2D0-C4C3-4410-8470-670A9ADD3A54}.Debug|Any CPU.ActiveCfg = Debug|Any CPU
		{B807E2D0-C4C3-4410-8470-670A9ADD3A54}.Debug|Any CPU.Build.0 = Debug|Any CPU
		{B807E2D0-C4C3-4410-8470-670A9ADD3A54}.Release|Any CPU.ActiveCfg = Release|Any CPU
		{B807E2D0-C4C3-4410-8470-670A9ADD3A54}.Release|Any CPU.Build.0 = Release|Any CPU
		{6813D00B-4C69-4676-B73D-B185940024C1}.Debug|Any CPU.ActiveCfg = Debug|Any CPU
		{6813D00B-4C69-4676-B73D-B185940024C1}.Debug|Any CPU.Build.0 = Debug|Any CPU
		{6813D00B-4C69-4676-B73D-B185940024C1}.Release|Any CPU.ActiveCfg = Release|Any CPU
		{6813D00B-4C69-4676-B73D-B185940024C1}.Release|Any CPU.Build.0 = Release|Any CPU
	EndGlobalSection
	GlobalSection(SolutionProperties) = preSolution
		HideSolutionNode = FALSE
	EndGlobalSection
	GlobalSection(ExtensibilityGlobals) = postSolution
		SolutionGuid = {21E8164B-CBFF-42C9-8358-02017AE490DE}
	EndGlobalSection
EndGlobal
